schema: '2.0'
stages:
  test:
    cmd: docker run -it --ipc=host  -v "$(pwd)"/datasets:/usr/src/datasets  -v "$(pwd)"/runs:/usr/src/app/runs  $YOLOV5_IMAGE  python3
      val.py --weights yolov5s.pt --exist-ok
  val:
    cmd: docker run -it --ipc=host  -v "$(pwd)"/data_config:/usr/src/app/data_config
      -v "$(pwd)"/datasets:/usr/src/datasets  -v "$(pwd)"/runs:/usr/src/app/runs  $YOLOV5_IMAGE  python3
      val.py --data 'data_config/coco128.yaml' --weights yolov5s.pt  --exist-ok --batch-size
      32 --img-size 640 --conf-thres 0.001 --iou-thres 0.6 --max-det 300 --task val
      --verbose  --save-hybrid   --save-conf  --save-json   --project   . --name runs/val
      --exist-ok
